
Microsoft Visual Studio Solution File, Format Version 12.00
# Visual Studio 15
VisualStudioVersion = 15.0.26430.6
MinimumVisualStudioVersion = 10.0.40219.1
Project("{00D1A9C2-B5F0-4AF3-8072-F6C62B433612}") = "TestDbTvp", "TestDbTvp\TestDbTvp.sqlproj", "{81912037-B61D-4B86-BF02-660754367BB9}"
EndProject
Project("{FAE04EC0-301F-11D3-BF4B-00C04F79EFBC}") = "TestTvpEf", "TestTvpEf\TestTvpEf.csproj", "{CC77072C-2039-48A9-8236-2FB1DA653FD6}"
EndProject
Global
	GlobalSection(SolutionConfigurationPlatforms) = preSolution
		Debug|Any CPU = Debug|Any CPU
		Release|Any CPU = Release|Any CPU
	EndGlobalSection
	GlobalSection(ProjectConfigurationPlatforms) = postSolution
		{81912037-B61D-4B86-BF02-660754367BB9}.Debug|Any CPU.ActiveCfg = Debug|Any CPU
		{81912037-B61D-4B86-BF02-660754367BB9}.Debug|Any CPU.Build.0 = Debug|Any CPU
		{81912037-B61D-4B86-BF02-660754367BB9}.Debug|Any CPU.Deploy.0 = Debug|Any CPU
		{81912037-B61D-4B86-BF02-660754367BB9}.Release|Any CPU.ActiveCfg = Release|Any CPU
		{81912037-B61D-4B86-BF02-660754367BB9}.Release|Any CPU.Build.0 = Release|Any CPU
		{81912037-B61D-4B86-BF02-660754367BB9}.Release|Any CPU.Deploy.0 = Release|Any CPU
		{CC77072C-2039-48A9-8236-2FB1DA653FD6}.Debug|Any CPU.ActiveCfg = Debug|Any CPU
		{CC77072C-2039-48A9-8236-2FB1DA653FD6}.Debug|Any CPU.Build.0 = Debug|Any CPU
		{CC77072C-2039-48A9-8236-2FB1DA653FD6}.Release|Any CPU.ActiveCfg = Release|Any CPU
		{CC77072C-2039-48A9-8236-2FB1DA653FD6}.Release|Any CPU.Build.0 = Release|Any CPU
	EndGlobalSection
	GlobalSection(SolutionProperties) = preSolution
		HideSolutionNode = FALSE
	EndGlobalSection
EndGlobal
